
Microsoft Visual Studio Solution File, Format Version 12.00
# Visual Studio Version 16
VisualStudioVersion = 16.0.30413.136
MinimumVisualStudioVersion = 10.0.40219.1
Project("{FAE04EC0-301F-11D3-BF4B-00C04F79EFBC}") = "ConnectingWithPostgreSQL", "ConnectingWithPostgreSQL\ConnectingWithPostgreSQL.csproj", "{556BFC7D-14AB-4907-A8FF-388A7B337C2E}"
EndProject
Global
	GlobalSection(SolutionConfigurationPlatforms) = preSolution
		Debug|Any CPU = Debug|Any CPU
		Release|Any CPU = Release|Any CPU
	EndGlobalSection
	GlobalSection(ProjectConfigurationPlatforms) = postSolution
		{556BFC7D-14AB-4907-A8FF-388A7B337C2E}.Debug|Any CPU.ActiveCfg = Debug|Any CPU
		{556BFC7D-14AB-4907-A8FF-388A7B337C2E}.Debug|Any CPU.Build.0 = Debug|Any CPU
		{556BFC7D-14AB-4907-A8FF-388A7B337C2E}.Release|Any CPU.ActiveCfg = Release|Any CPU
		{556BFC7D-14AB-4907-A8FF-388A7B337C2E}.Release|Any CPU.Build.0 = Release|Any CPU
	EndGlobalSection
	GlobalSection(SolutionProperties) = preSolution
		HideSolutionNode = FALSE
	EndGlobalSection
	GlobalSection(ExtensibilityGlobals) = postSolution
		SolutionGuid = {C66509F5-3271-4E10-893A-2FE02EC18443}
	EndGlobalSection
EndGlobal
